// !$*UTF8*$!
{
	archiveVersion = 1;
	classes = {
	};
	objectVersion = 77;
	objects = {

/* Begin PBXBuildFile section */
		26581D4F2DC519EB00A4A306 /* RxBlocking in Frameworks */ = {isa = PBXBuildFile; productRef = 26581D4E2DC519EB00A4A306 /* RxBlocking */; };
		26581D532DC519EB00A4A306 /* RxCocoa in Frameworks */ = {isa = PBXBuildFile; productRef = 26581D522DC519EB00A4A306 /* RxCocoa */; };
		26581D572DC519EB00A4A306 /* RxRelay in Frameworks */ = {isa = PBXBuildFile; productRef = 26581D562DC519EB00A4A306 /* RxRelay */; };
		26581D5B2DC519EB00A4A306 /* RxSwift in Frameworks */ = {isa = PBXBuildFile; productRef = 26581D5A2DC519EB00A4A306 /* RxSwift */; };
		26581D642DC51A1600A4A306 /* SnapKit in Frameworks */ = {isa = PBXBuildFile; productRef = 26581D632DC51A1600A4A306 /* SnapKit */; };
		26581D862DC5256D00A4A306 /* Kingfisher in Frameworks */ = {isa = PBXBuildFile; productRef = 26581D852DC5256D00A4A306 /* Kingfisher */; };
/* End PBXBuildFile section */

/* Begin PBXCopyFilesBuildPhase section */
		2612BD642DC5B20F00CB2613 /* Embed Frameworks */ = {
			isa = PBXCopyFilesBuildPhase;
			buildActionMask = 2147483647;
			dstPath = "";
			dstSubfolderSpec = 10;
			files = (
			);
			name = "Embed Frameworks";
			runOnlyForDeploymentPostprocessing = 0;
		};
/* End PBXCopyFilesBuildPhase section */

/* Begin PBXFileReference section */
		26581CC12DC4765100A4A306 /* RandomUserList.app */ = {isa = PBXFileReference; explicitFileType = wrapper.application; includeInIndex = 0; path = RandomUserList.app; sourceTree = BUILT_PRODUCTS_DIR; };
/* End PBXFileReference section */

/* Begin PBXFileSystemSynchronizedBuildFileExceptionSet section */
		26581CE92DC4765200A4A306 /* Exceptions for "RandomUserList" folder in "RandomUserList" target */ = {
			isa = PBXFileSystemSynchronizedBuildFileExceptionSet;
			membershipExceptions = (
				Info.plist,
			);
			target = 26581CC02DC4765100A4A306 /* RandomUserList */;
		};
/* End PBXFileSystemSynchronizedBuildFileExceptionSet section */

/* Begin PBXFileSystemSynchronizedRootGroup section */
		26581CC32DC4765100A4A306 /* RandomUserList */ = {
			isa = PBXFileSystemSynchronizedRootGroup;
			exceptions = (
				26581CE92DC4765200A4A306 /* Exceptions for "RandomUserList" folder in "RandomUserList" target */,
			);
			path = RandomUserList;
			sourceTree = "<group>";
		};
/* End PBXFileSystemSynchronizedRootGroup section */

/* Begin PBXFrameworksBuildPhase section */
		26581CBE2DC4765100A4A306 /* Frameworks */ = {
			isa = PBXFrameworksBuildPhase;
			buildActionMask = 2147483647;
			files = (
				26581D572DC519EB00A4A306 /* RxRelay in Frameworks */,
				26581D532DC519EB00A4A306 /* RxCocoa in Frameworks */,
				26581D4F2DC519EB00A4A306 /* RxBlocking in Frameworks */,
				26581D862DC5256D00A4A306 /* Kingfisher in Frameworks */,
				26581D5B2DC519EB00A4A306 /* RxSwift in Frameworks */,
				26581D642DC51A1600A4A306 /* SnapKit in Frameworks */,
			);
			runOnlyForDeploymentPostprocessing = 0;
		};
/* End PBXFrameworksBuildPhase section */

/* Begin PBXGroup section */
		26581CB82DC4765100A4A306 = {
			isa = PBXGroup;
			children = (
				26581CC32DC4765100A4A306 /* RandomUserList */,
				26581CC22DC4765100A4A306 /* Products */,
			);
			sourceTree = "<group>";
		};
		26581CC22DC4765100A4A306 /* Products */ = {
			isa = PBXGroup;
			children = (
				26581CC12DC4765100A4A306 /* RandomUserList.app */,
			);
			name = Products;
			sourceTree = "<group>";
		};
/* End PBXGroup section */

/* Begin PBXNativeTarget section */
		26581CC02DC4765100A4A306 /* RandomUserList */ = {
			isa = PBXNativeTarget;
			buildConfigurationList = 26581CEA2DC4765200A4A306 /* Build configuration list for PBXNativeTarget "RandomUserList" */;
			buildPhases = (
				26581CBD2DC4765100A4A306 /* Sources */,
				26581CBE2DC4765100A4A306 /* Frameworks */,
				26581CBF2DC4765100A4A306 /* Resources */,
				2612BD642DC5B20F00CB2613 /* Embed Frameworks */,
			);
			buildRules = (
			);
			dependencies = (
			);
			fileSystemSynchronizedGroups = (
				26581CC32DC4765100A4A306 /* RandomUserList */,
			);
			name = RandomUserList;
			packageProductDependencies = (
				26581D4E2DC519EB00A4A306 /* RxBlocking */,
				26581D522DC519EB00A4A306 /* RxCocoa */,
				26581D562DC519EB00A4A306 /* RxRelay */,
				26581D5A2DC519EB00A4A306 /* RxSwift */,
				26581D632DC51A1600A4A306 /* SnapKit */,
				26581D852DC5256D00A4A306 /* Kingfisher */,
			);
			productName = RandomUserList;
			productReference = 26581CC12DC4765100A4A306 /* RandomUserList.app */;
			productType = "com.apple.product-type.application";
		};
/* End PBXNativeTarget section */

/* Begin PBXProject section */
		26581CB92DC4765100A4A306 /* Project object */ = {
			isa = PBXProject;
			attributes = {
				BuildIndependentTargetsInParallel = 1;
				LastSwiftUpdateCheck = 1620;
				LastUpgradeCheck = 1620;
				TargetAttributes = {
					26581CC02DC4765100A4A306 = {
						CreatedOnToolsVersion = 16.2;
					};
				};
			};
			buildConfigurationList = 26581CBC2DC4765100A4A306 /* Build configuration list for PBXProject "RandomUserList" */;
			developmentRegion = en;
			hasScannedForEncodings = 0;
			knownRegions = (
				en,
				Base,
			);
			mainGroup = 26581CB82DC4765100A4A306;
			minimizedProjectReferenceProxies = 1;
			packageReferences = (
				26581D4C2DC5199300A4A306 /* XCRemoteSwiftPackageReference "RxSwift" */,
				26581D622DC51A1600A4A306 /* XCRemoteSwiftPackageReference "SnapKit" */,
				26581D842DC5256D00A4A306 /* XCRemoteSwiftPackageReference "Kingfisher" */,
			);
			preferredProjectObjectVersion = 77;
			productRefGroup = 26581CC22DC4765100A4A306 /* Products */;
			projectDirPath = "";
			projectRoot = "";
			targets = (
				26581CC02DC4765100A4A306 /* RandomUserList */,
			);
		};
/* End PBXProject section */

/* Begin PBXResourcesBuildPhase section */
		26581CBF2DC4765100A4A306 /* Resources */ = {
			isa = PBXResourcesBuildPhase;
			buildActionMask = 2147483647;
			files = (
			);
			runOnlyForDeploymentPostprocessing = 0;
		};
/* End PBXResourcesBuildPhase section */

/* Begin PBXSourcesBuildPhase section */
		26581CBD2DC4765100A4A306 /* Sources */ = {
			isa = PBXSourcesBuildPhase;
			buildActionMask = 2147483647;
			files = (
			);
			runOnlyForDeploymentPostprocessing = 0;
		};
/* End PBXSourcesBuildPhase section */

/* Begin XCBuildConfiguration section */
		26581CEB2DC4765200A4A306 /* Debug */ = {
			isa = XCBuildConfiguration;
			buildSettings = {
				ASSETCATALOG_COMPILER_APPICON_NAME = AppIcon;
				ASSETCATALOG_COMPILER_GLOBAL_ACCENT_COLOR_NAME = AccentColor;
				CODE_SIGN_STYLE = Automatic;
				CURRENT_PROJECT_VERSION = 1;
				DEVELOPMENT_TEAM = 66M8AQQW3J;
				GENERATE_INFOPLIST_FILE = YES;
				INFOPLIST_FILE = RandomUserList/Info.plist;
				INFOPLIST_KEY_UIApplicationSupportsIndirectInputEvents = YES;
				INFOPLIST_KEY_UILaunchStoryboardName = LaunchScreen;
				INFOPLIST_KEY_UIMainStoryboardFile = Main;
				INFOPLIST_KEY_UISupportedInterfaceOrientations_iPad = "UIInterfaceOrientationPortrait UIInterfaceOrientationPortraitUpsideDown UIInterfaceOrientationLandscapeLeft UIInterfaceOrientationLandscapeRight";
				INFOPLIST_KEY_UISupportedInterfaceOrientations_iPhone = "UIInterfaceOrientationPortrait UIInterfaceOrientationLandscapeLeft UIInterfaceOrientationLandscapeRight";
				IPHONEOS_DEPLOYMENT_TARGET = 15.0;
				LD_RUNPATH_SEARCH_PATHS = (
					"$(inherited)",
					"@executable_path/Frameworks",
				);
				MARKETING_VERSION = 1.0;
				PRODUCT_BUNDLE_IDENTIFIER = com.example.RandomUserList;
				PRODUCT_NAME = "$(TARGET_NAME)";
				SWIFT_EMIT_LOC_STRINGS = YES;
				SWIFT_VERSION = 5.0;
				TARGETED_DEVICE_FAMILY = "1,2";
			};
			name = Debug;
		};
		26581CEC2DC4765200A4A306 /* Release */ = {
			isa = XCBuildConfiguration;
			buildSettings = {
				ASSETCATALOG_COMPILER_APPICON_NAME = AppIcon;
				ASSETCATALOG_COMPILER_GLOBAL_ACCENT_COLOR_NAME = AccentColor;
				CODE_SIGN_STYLE = Automatic;
				CURRENT_PROJECT_VERSION = 1;
				DEVELOPMENT_TEAM = 66M8AQQW3J;
				GENERATE_INFOPLIST_FILE = YES;
				INFOPLIST_FILE = RandomUserList/Info.plist;
				INFOPLIST_KEY_UIApplicationSupportsIndirectInputEvents = YES;
				INFOPLIST_KEY_UILaunchStoryboardName = LaunchScreen;
				INFOPLIST_KEY_UIMainStoryboardFile = Main;
				INFOPLIST_KEY_UISupportedInterfaceOrientations_iPad = "UIInterfaceOrientationPortrait UIInterfaceOrientationPortraitUpsideDown UIInterfaceOrientationLandscapeLeft UIInterfaceOrientationLandscapeRight";
				INFOPLIST_KEY_UISupportedInterfaceOrientations_iPhone = "UIInterfaceOrientationPortrait UIInterfaceOrientationLandscapeLeft UIInterfaceOrientationLandscapeRight";
				IPHONEOS_DEPLOYMENT_TARGET = 15.0;
				LD_RUNPATH_SEARCH_PATHS = (
					"$(inherited)",
					"@executable_path/Frameworks",
				);
				MARKETING_VERSION = 1.0;
				PRODUCT_BUNDLE_IDENTIFIER = com.example.RandomUserList;
				PRODUCT_NAME = "$(TARGET_NAME)";
				SWIFT_EMIT_LOC_STRINGS = YES;
				SWIFT_VERSION = 5.0;
				TARGETED_DEVICE_FAMILY = "1,2";
			};
			name = Release;
		};
		26581CED2DC4765200A4A306 /* Debug */ = {
			isa = XCBuildConfiguration;
			buildSettings = {
				ALWAYS_SEARCH_USER_PATHS = NO;
				ASSETCATALOG_COMPILER_GENERATE_SWIFT_ASSET_SYMBOL_EXTENSIONS = YES;
				CLANG_ANALYZER_NONNULL = YES;
				CLANG_ANALYZER_NUMBER_OBJECT_CONVERSION = YES_AGGRESSIVE;
				CLANG_CXX_LANGUAGE_STANDARD = "gnu++20";
				CLANG_ENABLE_MODULES = YES;
				CLANG_ENABLE_OBJC_ARC = YES;
				CLANG_ENABLE_OBJC_WEAK = YES;
				CLANG_WARN_BLOCK_CAPTURE_AUTORELEASING = YES;
				CLANG_WARN_BOOL_CONVERSION = YES;
				CLANG_WARN_COMMA = YES;
				CLANG_WARN_CONSTANT_CONVERSION = YES;
				CLANG_WARN_DEPRECATED_OBJC_IMPLEMENTATIONS = YES;
				CLANG_WARN_DIRECT_OBJC_ISA_USAGE = YES_ERROR;
				CLANG_WARN_DOCUMENTATION_COMMENTS = YES;
				CLANG_WARN_EMPTY_BODY = YES;
				CLANG_WARN_ENUM_CONVERSION = YES;
				CLANG_WARN_INFINITE_RECURSION = YES;
				CLANG_WARN_INT_CONVERSION = YES;
				CLANG_WARN_NON_LITERAL_NULL_CONVERSION = YES;
				CLANG_WARN_OBJC_IMPLICIT_RETAIN_SELF = YES;
				CLANG_WARN_OBJC_LITERAL_CONVERSION = YES;
				CLANG_WARN_OBJC_ROOT_CLASS = YES_ERROR;
				CLANG_WARN_QUOTED_INCLUDE_IN_FRAMEWORK_HEADER = YES;
				CLANG_WARN_RANGE_LOOP_ANALYSIS = YES;
				CLANG_WARN_STRICT_PROTOTYPES = YES;
				CLANG_WARN_SUSPICIOUS_MOVE = YES;
				CLANG_WARN_UNGUARDED_AVAILABILITY = YES_AGGRESSIVE;
				CLANG_WARN_UNREACHABLE_CODE = YES;
				CLANG_WARN__DUPLICATE_METHOD_MATCH = YES;
				COPY_PHASE_STRIP = NO;
				DEBUG_INFORMATION_FORMAT = dwarf;
				ENABLE_STRICT_OBJC_MSGSEND = YES;
				ENABLE_TESTABILITY = YES;
				ENABLE_USER_SCRIPT_SANDBOXING = YES;
				GCC_C_LANGUAGE_STANDARD = gnu17;
				GCC_DYNAMIC_NO_PIC = NO;
				GCC_NO_COMMON_BLOCKS = YES;
				GCC_OPTIMIZATION_LEVEL = 0;
				GCC_PREPROCESSOR_DEFINITIONS = (
					"DEBUG=1",
					"$(inherited)",
				);
				GCC_WARN_64_TO_32_BIT_CONVERSION = YES;
				GCC_WARN_ABOUT_RETURN_TYPE = YES_ERROR;
				GCC_WARN_UNDECLARED_SELECTOR = YES;
				GCC_WARN_UNINITIALIZED_AUTOS = YES_AGGRESSIVE;
				GCC_WARN_UNUSED_FUNCTION = YES;
				GCC_WARN_UNUSED_VARIABLE = YES;
				IPHONEOS_DEPLOYMENT_TARGET = 18.2;
				LOCALIZATION_PREFERS_STRING_CATALOGS = YES;
				MTL_ENABLE_DEBUG_INFO = INCLUDE_SOURCE;
				MTL_FAST_MATH = YES;
				ONLY_ACTIVE_ARCH = YES;
				SDKROOT = iphoneos;
				SWIFT_ACTIVE_COMPILATION_CONDITIONS = "DEBUG $(inherited)";
				SWIFT_OPTIMIZATION_LEVEL = "-Onone";
			};
			name = Debug;
		};
		26581CEE2DC4765200A4A306 /* Release */ = {
			isa = XCBuildConfiguration;
			buildSettings = {
				ALWAYS_SEARCH_USER_PATHS = NO;
				ASSETCATALOG_COMPILER_GENERATE_SWIFT_ASSET_SYMBOL_EXTENSIONS = YES;
				CLANG_ANALYZER_NONNULL = YES;
				CLANG_ANALYZER_NUMBER_OBJECT_CONVERSION = YES_AGGRESSIVE;
				CLANG_CXX_LANGUAGE_STANDARD = "gnu++20";
				CLANG_ENABLE_MODULES = YES;
				CLANG_ENABLE_OBJC_ARC = YES;
				CLANG_ENABLE_OBJC_WEAK = YES;
				CLANG_WARN_BLOCK_CAPTURE_AUTORELEASING = YES;
				CLANG_WARN_BOOL_CONVERSION = YES;
				CLANG_WARN_COMMA = YES;
				CLANG_WARN_CONSTANT_CONVERSION = YES;
				CLANG_WARN_DEPRECATED_OBJC_IMPLEMENTATIONS = YES;
				CLANG_WARN_DIRECT_OBJC_ISA_USAGE = YES_ERROR;
				CLANG_WARN_DOCUMENTATION_COMMENTS = YES;
				CLANG_WARN_EMPTY_BODY = YES;
				CLANG_WARN_ENUM_CONVERSION = YES;
				CLANG_WARN_INFINITE_RECURSION = YES;
				CLANG_WARN_INT_CONVERSION = YES;
				CLANG_WARN_NON_LITERAL_NULL_CONVERSION = YES;
				CLANG_WARN_OBJC_IMPLICIT_RETAIN_SELF = YES;
				CLANG_WARN_OBJC_LITERAL_CONVERSION = YES;
				CLANG_WARN_OBJC_ROOT_CLASS = YES_ERROR;
				CLANG_WARN_QUOTED_INCLUDE_IN_FRAMEWORK_HEADER = YES;
				CLANG_WARN_RANGE_LOOP_ANALYSIS = YES;
				CLANG_WARN_STRICT_PROTOTYPES = YES;
				CLANG_WARN_SUSPICIOUS_MOVE = YES;
				CLANG_WARN_UNGUARDED_AVAILABILITY = YES_AGGRESSIVE;
				CLANG_WARN_UNREACHABLE_CODE = YES;
				CLANG_WARN__DUPLICATE_METHOD_MATCH = YES;
				COPY_PHASE_STRIP = NO;
				DEBUG_INFORMATION_FORMAT = "dwarf-with-dsym";
				ENABLE_NS_ASSERTIONS = NO;
				ENABLE_STRICT_OBJC_MSGSEND = YES;
				ENABLE_USER_SCRIPT_SANDBOXING = YES;
				GCC_C_LANGUAGE_STANDARD = gnu17;
				GCC_NO_COMMON_BLOCKS = YES;
				GCC_WARN_64_TO_32_BIT_CONVERSION = YES;
				GCC_WARN_ABOUT_RETURN_TYPE = YES_ERROR;
				GCC_WARN_UNDECLARED_SELECTOR = YES;
				GCC_WARN_UNINITIALIZED_AUTOS = YES_AGGRESSIVE;
				GCC_WARN_UNUSED_FUNCTION = YES;
				GCC_WARN_UNUSED_VARIABLE = YES;
				IPHONEOS_DEPLOYMENT_TARGET = 18.2;
				LOCALIZATION_PREFERS_STRING_CATALOGS = YES;
				MTL_ENABLE_DEBUG_INFO = NO;
				MTL_FAST_MATH = YES;
				SDKROOT = iphoneos;
				SWIFT_COMPILATION_MODE = wholemodule;
				VALIDATE_PRODUCT = YES;
			};
			name = Release;
		};
/* End XCBuildConfiguration section */

/* Begin XCConfigurationList section */
		26581CBC2DC4765100A4A306 /* Build configuration list for PBXProject "RandomUserList" */ = {
			isa = XCConfigurationList;
			buildConfigurations = (
				26581CED2DC4765200A4A306 /* Debug */,
				26581CEE2DC4765200A4A306 /* Release */,
			);
			defaultConfigurationIsVisible = 0;
			defaultConfigurationName = Release;
		};
		26581CEA2DC4765200A4A306 /* Build configuration list for PBXNativeTarget "RandomUserList" */ = {
			isa = XCConfigurationList;
			buildConfigurations = (
				26581CEB2DC4765200A4A306 /* Debug */,
				26581CEC2DC4765200A4A306 /* Release */,
			);
			defaultConfigurationIsVisible = 0;
			defaultConfigurationName = Release;
		};
/* End XCConfigurationList section */

/* Begin XCRemoteSwiftPackageReference section */
		26581D4C2DC5199300A4A306 /* XCRemoteSwiftPackageReference "RxSwift" */ = {
			isa = XCRemoteSwiftPackageReference;
			repositoryURL = "https://github.com/ReactiveX/RxSwift.git";
			requirement = {
				kind = upToNextMajorVersion;
				minimumVersion = 6.5.0;
			};
		};
		26581D622DC51A1600A4A306 /* XCRemoteSwiftPackageReference "SnapKit" */ = {
			isa = XCRemoteSwiftPackageReference;
			repositoryURL = "https://github.com/SnapKit/SnapKit.git";
			requirement = {
				kind = upToNextMajorVersion;
				minimumVersion = 5.6.0;
			};
		};
		26581D842DC5256D00A4A306 /* XCRemoteSwiftPackageReference "Kingfisher" */ = {
			isa = XCRemoteSwiftPackageReference;
			repositoryURL = "https://github.com/onevcat/Kingfisher.git";
			requirement = {
				kind = upToNextMajorVersion;
				minimumVersion = 7.0.0;
			};
		};
/* End XCRemoteSwiftPackageReference section */

/* Begin XCSwiftPackageProductDependency section */
		26581D4E2DC519EB00A4A306 /* RxBlocking */ = {
			isa = XCSwiftPackageProductDependency;
			package = 26581D4C2DC5199300A4A306 /* XCRemoteSwiftPackageReference "RxSwift" */;
			productName = RxBlocking;
		};
		26581D522DC519EB00A4A306 /* RxCocoa */ = {
			isa = XCSwiftPackageProductDependency;
			package = 26581D4C2DC5199300A4A306 /* XCRemoteSwiftPackageReference "RxSwift" */;
			productName = RxCocoa;
		};
		26581D562DC519EB00A4A306 /* RxRelay */ = {
			isa = XCSwiftPackageProductDependency;
			package = 26581D4C2DC5199300A4A306 /* XCRemoteSwiftPackageReference "RxSwift" */;
			productName = RxRelay;
		};
		26581D5A2DC519EB00A4A306 /* RxSwift */ = {
			isa = XCSwiftPackageProductDependency;
			package = 26581D4C2DC5199300A4A306 /* XCRemoteSwiftPackageReference "RxSwift" */;
			productName = RxSwift;
		};
		26581D632DC51A1600A4A306 /* SnapKit */ = {
			isa = XCSwiftPackageProductDependency;
			package = 26581D622DC51A1600A4A306 /* XCRemoteSwiftPackageReference "SnapKit" */;
			productName = SnapKit;
		};
		26581D852DC5256D00A4A306 /* Kingfisher */ = {
			isa = XCSwiftPackageProductDependency;
			package = 26581D842DC5256D00A4A306 /* XCRemoteSwiftPackageReference "Kingfisher" */;
			productName = Kingfisher;
		};
/* End XCSwiftPackageProductDependency section */
	};
	rootObject = 26581CB92DC4765100A4A306 /* Project object */;
}
